# Generated by move; do not edit
# This file should be checked in.

[move]
version = 3
manifest_digest = "C679F8DCCAAC3E25AB515C8F5E636306A9531E4754DB687EDD24F6868D2EBE11"
deps_digest = "52B406A7A21811BEF51751CF88DA0E76DAEFFEAC888D4F4060B1A72BBE7D8D35"
dependencies = [
  { id = "Bridge", name = "Bridge" },
  { id = "MoveStdlib", name = "MoveStdlib" },
  { id = "Sui", name = "Sui" },
  { id = "SuiSystem", name = "SuiSystem" },
  { id = "deepbook", name = "deepbook" },
  { id = "openzeppelin_math", name = "openzeppelin_math" },
]

[[move.package]]
id = "Bridge"
source = { git = "https://github.com/MystenLabs/sui.git", rev = "494fa6ede17f366f1cd850f01ccb9f42dc75c470", subdir = "crates/sui-framework/packages/bridge" }

dependencies = [
  { id = "MoveStdlib", name = "MoveStdlib" },
  { id = "Sui", name = "Sui" },
  { id = "SuiSystem", name = "SuiSystem" },
]

[[move.package]]
id = "MoveStdlib"
source = { git = "https://github.com/MystenLabs/sui.git", rev = "494fa6ede17f366f1cd850f01ccb9f42dc75c470", subdir = "crates/sui-framework/packages/move-stdlib" }

[pinned.testnet.MoveStdlib]
source = { git = "https://github.com/MystenLabs/sui.git", subdir = 'crates\sui-framework\packages\move-stdlib', rev = "367fd808279bed26f7c64fc63160062a2ee29ab7" }
use_environment = "testnet"
manifest_digest = "C4FE4C91DE74CBF223B2E380AE40F592177D21870DC2D7EB6227D2D694E05363"
deps = {}

[[move.package]]
id = "Sui"
source = { git = "https://github.com/MystenLabs/sui.git", rev = "494fa6ede17f366f1cd850f01ccb9f42dc75c470", subdir = "crates/sui-framework/packages/sui-framework" }

dependencies = [
  { id = "MoveStdlib", name = "MoveStdlib" },
]

[pinned.testnet.Sui]
source = { git = "https://github.com/MystenLabs/sui.git", subdir = 'crates\sui-framework\packages\sui-framework', rev = "367fd808279bed26f7c64fc63160062a2ee29ab7" }
use_environment = "testnet"
manifest_digest = "7AFB66695545775FBFBB2D3078ADFD084244D5002392E837FDE21D9EA1C6D01C"
deps = { MoveStdlib = "MoveStdlib" }

[[move.package]]
id = "SuiSystem"
source = { git = "https://github.com/MystenLabs/sui.git", rev = "494fa6ede17f366f1cd850f01ccb9f42dc75c470", subdir = "crates/sui-framework/packages/sui-system" }

dependencies = [
  { id = "MoveStdlib", name = "MoveStdlib" },
  { id = "Sui", name = "Sui" },
]

[pinned.testnet.deepbook]
source = { git = "https://github.com/MystenLabs/deepbookv3.git", subdir = 'packages\deepbook', rev = "daa5a9514908968f11be1d0388f673e0ee1a5059" }
use_environment = "testnet"
manifest_digest = "3101923B9428545A4F52FFAD1C4F959F9BFFF84CD09CE4BCC1CB831286999B5A"
deps = { std = "MoveStdlib", sui = "Sui", token = "token" }

[[move.package]]
id = "deepbook"
source = { git = "https://github.com/MystenLabs/deepbookv3.git", rev = "daa5a9514908968f11be1d0388f673e0ee1a5059", subdir = "packages/deepbook" }

dependencies = [
  { id = "Bridge", name = "Bridge" },
  { id = "MoveStdlib", name = "MoveStdlib" },
  { id = "Sui", name = "Sui" },
  { id = "SuiSystem", name = "SuiSystem" },
  { id = "token", name = "token" },
]

[pinned.testnet.openzeppelin_math]
source = { git = "https://github.com/OpenZeppelin/contracts-sui.git", subdir = 'math\core', rev = "a9703fe834a56990ccbcee3a1cf0802e7cd3b8d9" }
use_environment = "testnet"
manifest_digest = "5745706258F61D6CE210904B3E6AE87A73CE9D31A6F93BE4718C442529332A87"
deps = { std = "MoveStdlib", sui = "Sui" }

[[move.package]]
id = "openzeppelin_math"
source = { git = "https://github.com/OpenZeppelin/contracts-sui.git", rev = "a9703fe834a56990ccbcee3a1cf0802e7cd3b8d9", subdir = "math/core" }

dependencies = [
  { id = "Bridge", name = "Bridge" },
  { id = "MoveStdlib", name = "MoveStdlib" },
  { id = "Sui", name = "Sui" },
  { id = "SuiSystem", name = "SuiSystem" },
]

[pinned.testnet.splash_protocol]
source = { root = true }
use_environment = "testnet"
manifest_digest = "7E828943DF19223A3603A47E656DCCBA5D02B9A3CF6772A1F2E3DE33407E024C"
deps = { deepbook = "deepbook", openzeppelin_math = "openzeppelin_math", std = "MoveStdlib", sui = "Sui" }

[[move.package]]
id = "token"
source = { git = "https://github.com/MystenLabs/deepbookv3.git", rev = "main", subdir = "packages/token" }

dependencies = [
  { id = "Bridge", name = "Bridge" },
  { id = "MoveStdlib", name = "MoveStdlib" },
  { id = "Sui", name = "Sui" },
  { id = "SuiSystem", name = "SuiSystem" },
]

[move.toolchain-version]
compiler-version = "1.59.1"
edition = "2024.beta"
flavor = "sui"

[pinned.testnet.token]
source = { git = "https://github.com/MystenLabs/deepbookv3.git", subdir = 'packages\token', rev = "7911100bd8c8741f44ad71dd75aa455db6536747" }
use_environment = "testnet"
manifest_digest = "5745706258F61D6CE210904B3E6AE87A73CE9D31A6F93BE4718C442529332A87"
deps = { std = "MoveStdlib", sui = "Sui" }
